
Microsoft Visual Studio Solution File, Format Version 12.00
# Visual Studio Version 17
VisualStudioVersion = 17.2.32630.192
MinimumVisualStudioVersion = 10.0.40219.1
Project("{9A19103F-16F7-4668-BE54-9A1E7A4F7556}") = "ECommerce.Api.Products", "ECommerce.Api.Products\ECommerce.Api.Products.csproj", "{7A1D7E66-0315-46A1-90BA-EE0AC8864A3E}"
EndProject
Project("{9A19103F-16F7-4668-BE54-9A1E7A4F7556}") = "ECommerce.Api.Customers", "ECommerce.Api.Customers\ECommerce.Api.Customers.csproj", "{3C70457F-13AD-4D86-B377-295E57EE41E4}"
EndProject
Project("{9A19103F-16F7-4668-BE54-9A1E7A4F7556}") = "ECommerce.Api.Orders", "ECommerce.Api.Orders\ECommerce.Api.Orders.csproj", "{0255C2E2-248D-4B73-8663-085A74BD01A9}"
EndProject
Project("{9A19103F-16F7-4668-BE54-9A1E7A4F7556}") = "ECommerce.Api.Search", "ECommerce.Api.Search\ECommerce.Api.Search.csproj", "{87E7D052-B9F8-4ED7-9A68-553D93A9B4DE}"
EndProject
Project("{FAE04EC0-301F-11D3-BF4B-00C04F79EFBC}") = "ECommerce.Api.Products.Tests", "ECommerce.Api.Products.Tests\ECommerce.Api.Products.Tests.csproj", "{3D5E42E9-7313-4191-A7D0-0250253C3356}"
EndProject
Global
	GlobalSection(SolutionConfigurationPlatforms) = preSolution
		Debug|Any CPU = Debug|Any CPU
		Release|Any CPU = Release|Any CPU
	EndGlobalSection
	GlobalSection(ProjectConfigurationPlatforms) = postSolution
		{7A1D7E66-0315-46A1-90BA-EE0AC8864A3E}.Debug|Any CPU.ActiveCfg = Debug|Any CPU
		{7A1D7E66-0315-46A1-90BA-EE0AC8864A3E}.Debug|Any CPU.Build.0 = Debug|Any CPU
		{7A1D7E66-0315-46A1-90BA-EE0AC8864A3E}.Release|Any CPU.ActiveCfg = Release|Any CPU
		{7A1D7E66-0315-46A1-90BA-EE0AC8864A3E}.Release|Any CPU.Build.0 = Release|Any CPU
		{3C70457F-13AD-4D86-B377-295E57EE41E4}.Debug|Any CPU.ActiveCfg = Debug|Any CPU
		{3C70457F-13AD-4D86-B377-295E57EE41E4}.Debug|Any CPU.Build.0 = Debug|Any CPU
		{3C70457F-13AD-4D86-B377-295E57EE41E4}.Release|Any CPU.ActiveCfg = Release|Any CPU
		{3C70457F-13AD-4D86-B377-295E57EE41E4}.Release|Any CPU.Build.0 = Release|Any CPU
		{0255C2E2-248D-4B73-8663-085A74BD01A9}.Debug|Any CPU.ActiveCfg = Debug|Any CPU
		{0255C2E2-248D-4B73-8663-085A74BD01A9}.Debug|Any CPU.Build.0 = Debug|Any CPU
		{0255C2E2-248D-4B73-8663-085A74BD01A9}.Release|Any CPU.ActiveCfg = Release|Any CPU
		{0255C2E2-248D-4B73-8663-085A74BD01A9}.Release|Any CPU.Build.0 = Release|Any CPU
		{87E7D052-B9F8-4ED7-9A68-553D93A9B4DE}.Debug|Any CPU.ActiveCfg = Debug|Any CPU
		{87E7D052-B9F8-4ED7-9A68-553D93A9B4DE}.Debug|Any CPU.Build.0 = Debug|Any CPU
		{87E7D052-B9F8-4ED7-9A68-553D93A9B4DE}.Release|Any CPU.ActiveCfg = Release|Any CPU
		{87E7D052-B9F8-4ED7-9A68-553D93A9B4DE}.Release|Any CPU.Build.0 = Release|Any CPU
		{3D5E42E9-7313-4191-A7D0-0250253C3356}.Debug|Any CPU.ActiveCfg = Debug|Any CPU
		{3D5E42E9-7313-4191-A7D0-0250253C3356}.Debug|Any CPU.Build.0 = Debug|Any CPU
		{3D5E42E9-7313-4191-A7D0-0250253C3356}.Release|Any CPU.ActiveCfg = Release|Any CPU
		{3D5E42E9-7313-4191-A7D0-0250253C3356}.Release|Any CPU.Build.0 = Release|Any CPU
	EndGlobalSection
	GlobalSection(SolutionProperties) = preSolution
		HideSolutionNode = FALSE
	EndGlobalSection
	GlobalSection(ExtensibilityGlobals) = postSolution
		SolutionGuid = {B65E957B-EC35-4247-9D9D-752901400988}
	EndGlobalSection
EndGlobal
